// !$*UTF8*$!
{
	archiveVersion = 1;
	classes = {
	};
	objectVersion = 56;
	objects = {

/* Begin PBXBuildFile section */
		EC6CA9292C55949300ED3E14 /* AppEntry.swift in Sources */ = {isa = PBXBuildFile; fileRef = EC6CA9282C55949300ED3E14 /* AppEntry.swift */; };
		EC6CA92B2C55949300ED3E14 /* MainScreen.swift in Sources */ = {isa = PBXBuildFile; fileRef = EC6CA92A2C55949300ED3E14 /* MainScreen.swift */; };
		EC6CA92D2C55949400ED3E14 /* Assets.xcassets in Resources */ = {isa = PBXBuildFile; fileRef = EC6CA92C2C55949400ED3E14 /* Assets.xcassets */; };
		EC6CA9312C55949400ED3E14 /* Preview Assets.xcassets in Resources */ = {isa = PBXBuildFile; fileRef = EC6CA9302C55949400ED3E14 /* Preview Assets.xcassets */; };
		EC6CA93B2C55949400ED3E14 /* pdfv_appTests.swift in Sources */ = {isa = PBXBuildFile; fileRef = EC6CA93A2C55949400ED3E14 /* pdfv_appTests.swift */; };
		EC6CA9452C55949400ED3E14 /* pdfv_appUITests.swift in Sources */ = {isa = PBXBuildFile; fileRef = EC6CA9442C55949400ED3E14 /* pdfv_appUITests.swift */; };
		EC6CA9472C55949400ED3E14 /* pdfv_appUITestsLaunchTests.swift in Sources */ = {isa = PBXBuildFile; fileRef = EC6CA9462C55949400ED3E14 /* pdfv_appUITestsLaunchTests.swift */; };
		EC9039782C5C440800CCCD0D /* Localizable.xcstrings in Resources */ = {isa = PBXBuildFile; fileRef = EC9039772C5C440800CCCD0D /* Localizable.xcstrings */; };
		EC90397B2C5DB0F300CCCD0D /* AboutMeView.swift in Sources */ = {isa = PBXBuildFile; fileRef = EC90397A2C5DB0F300CCCD0D /* AboutMeView.swift */; };
		EC90397D2C5DB1DF00CCCD0D /* EducationView.swift in Sources */ = {isa = PBXBuildFile; fileRef = EC90397C2C5DB1DF00CCCD0D /* EducationView.swift */; };
		EC9039802C5DC86900CCCD0D /* BouncyAnimationModifier.swift in Sources */ = {isa = PBXBuildFile; fileRef = EC90397F2C5DC86900CCCD0D /* BouncyAnimationModifier.swift */; };
		ECBB531A2C5598FE00E910FE /* AboutMeScreen.swift in Sources */ = {isa = PBXBuildFile; fileRef = ECBB53192C5598FE00E910FE /* AboutMeScreen.swift */; };
/* End PBXBuildFile section */

/* Begin PBXContainerItemProxy section */
		EC6CA9372C55949400ED3E14 /* PBXContainerItemProxy */ = {
			isa = PBXContainerItemProxy;
			containerPortal = EC6CA91D2C55949300ED3E14 /* Project object */;
			proxyType = 1;
			remoteGlobalIDString = EC6CA9242C55949300ED3E14;
			remoteInfo = "pdfv-app";
		};
		EC6CA9412C55949400ED3E14 /* PBXContainerItemProxy */ = {
			isa = PBXContainerItemProxy;
			containerPortal = EC6CA91D2C55949300ED3E14 /* Project object */;
			proxyType = 1;
			remoteGlobalIDString = EC6CA9242C55949300ED3E14;
			remoteInfo = "pdfv-app";
		};
/* End PBXContainerItemProxy section */

/* Begin PBXFileReference section */
		EC6CA9252C55949300ED3E14 /* pdfv-app.app */ = {isa = PBXFileReference; explicitFileType = wrapper.application; includeInIndex = 0; path = "pdfv-app.app"; sourceTree = BUILT_PRODUCTS_DIR; };
		EC6CA9282C55949300ED3E14 /* AppEntry.swift */ = {isa = PBXFileReference; lastKnownFileType = sourcecode.swift; path = AppEntry.swift; sourceTree = "<group>"; };
		EC6CA92A2C55949300ED3E14 /* MainScreen.swift */ = {isa = PBXFileReference; lastKnownFileType = sourcecode.swift; path = MainScreen.swift; sourceTree = "<group>"; };
		EC6CA92C2C55949400ED3E14 /* Assets.xcassets */ = {isa = PBXFileReference; lastKnownFileType = folder.assetcatalog; path = Assets.xcassets; sourceTree = "<group>"; };
		EC6CA92E2C55949400ED3E14 /* pdfv_app.entitlements */ = {isa = PBXFileReference; lastKnownFileType = text.plist.entitlements; path = pdfv_app.entitlements; sourceTree = "<group>"; };
		EC6CA9302C55949400ED3E14 /* Preview Assets.xcassets */ = {isa = PBXFileReference; lastKnownFileType = folder.assetcatalog; path = "Preview Assets.xcassets"; sourceTree = "<group>"; };
		EC6CA9362C55949400ED3E14 /* pdfv-appTests.xctest */ = {isa = PBXFileReference; explicitFileType = wrapper.cfbundle; includeInIndex = 0; path = "pdfv-appTests.xctest"; sourceTree = BUILT_PRODUCTS_DIR; };
		EC6CA93A2C55949400ED3E14 /* pdfv_appTests.swift */ = {isa = PBXFileReference; lastKnownFileType = sourcecode.swift; path = pdfv_appTests.swift; sourceTree = "<group>"; };
		EC6CA9402C55949400ED3E14 /* pdfv-appUITests.xctest */ = {isa = PBXFileReference; explicitFileType = wrapper.cfbundle; includeInIndex = 0; path = "pdfv-appUITests.xctest"; sourceTree = BUILT_PRODUCTS_DIR; };
		EC6CA9442C55949400ED3E14 /* pdfv_appUITests.swift */ = {isa = PBXFileReference; lastKnownFileType = sourcecode.swift; path = pdfv_appUITests.swift; sourceTree = "<group>"; };
		EC6CA9462C55949400ED3E14 /* pdfv_appUITestsLaunchTests.swift */ = {isa = PBXFileReference; lastKnownFileType = sourcecode.swift; path = pdfv_appUITestsLaunchTests.swift; sourceTree = "<group>"; };
		EC9039772C5C440800CCCD0D /* Localizable.xcstrings */ = {isa = PBXFileReference; lastKnownFileType = text.json.xcstrings; path = Localizable.xcstrings; sourceTree = "<group>"; };
		EC90397A2C5DB0F300CCCD0D /* AboutMeView.swift */ = {isa = PBXFileReference; lastKnownFileType = sourcecode.swift; path = AboutMeView.swift; sourceTree = "<group>"; };
		EC90397C2C5DB1DF00CCCD0D /* EducationView.swift */ = {isa = PBXFileReference; lastKnownFileType = sourcecode.swift; path = EducationView.swift; sourceTree = "<group>"; };
		EC90397F2C5DC86900CCCD0D /* BouncyAnimationModifier.swift */ = {isa = PBXFileReference; lastKnownFileType = sourcecode.swift; path = BouncyAnimationModifier.swift; sourceTree = "<group>"; };
		ECBB53192C5598FE00E910FE /* AboutMeScreen.swift */ = {isa = PBXFileReference; lastKnownFileType = sourcecode.swift; path = AboutMeScreen.swift; sourceTree = "<group>"; };
/* End PBXFileReference section */

/* Begin PBXFrameworksBuildPhase section */
		EC6CA9222C55949300ED3E14 /* Frameworks */ = {
			isa = PBXFrameworksBuildPhase;
			buildActionMask = 2147483647;
			files = (
			);
			runOnlyForDeploymentPostprocessing = 0;
		};
		EC6CA9332C55949400ED3E14 /* Frameworks */ = {
			isa = PBXFrameworksBuildPhase;
			buildActionMask = 2147483647;
			files = (
			);
			runOnlyForDeploymentPostprocessing = 0;
		};
		EC6CA93D2C55949400ED3E14 /* Frameworks */ = {
			isa = PBXFrameworksBuildPhase;
			buildActionMask = 2147483647;
			files = (
			);
			runOnlyForDeploymentPostprocessing = 0;
		};
/* End PBXFrameworksBuildPhase section */

/* Begin PBXGroup section */
		EC6CA91C2C55949300ED3E14 = {
			isa = PBXGroup;
			children = (
				EC6CA9272C55949300ED3E14 /* pdfv-app */,
				EC6CA9392C55949400ED3E14 /* pdfv-appTests */,
				EC6CA9432C55949400ED3E14 /* pdfv-appUITests */,
				EC6CA9262C55949300ED3E14 /* Products */,
			);
			sourceTree = "<group>";
		};
		EC6CA9262C55949300ED3E14 /* Products */ = {
			isa = PBXGroup;
			children = (
				EC6CA9252C55949300ED3E14 /* pdfv-app.app */,
				EC6CA9362C55949400ED3E14 /* pdfv-appTests.xctest */,
				EC6CA9402C55949400ED3E14 /* pdfv-appUITests.xctest */,
			);
			name = Products;
			sourceTree = "<group>";
		};
		EC6CA9272C55949300ED3E14 /* pdfv-app */ = {
			isa = PBXGroup;
			children = (
				EC6CA92E2C55949400ED3E14 /* pdfv_app.entitlements */,
				EC6CA9282C55949300ED3E14 /* AppEntry.swift */,
				EC6CA92A2C55949300ED3E14 /* MainScreen.swift */,
				EC6CA92C2C55949400ED3E14 /* Assets.xcassets */,
				ECBB53182C55989B00E910FE /* AboutMe */,
				EC6CA92F2C55949400ED3E14 /* Preview Content */,
				EC9039762C5C43D100CCCD0D /* Resources */,
				EC90397E2C5DC85100CCCD0D /* View Modifiers */,
			);
			path = "pdfv-app";
			sourceTree = "<group>";
		};
		EC6CA92F2C55949400ED3E14 /* Preview Content */ = {
			isa = PBXGroup;
			children = (
				EC6CA9302C55949400ED3E14 /* Preview Assets.xcassets */,
			);
			path = "Preview Content";
			sourceTree = "<group>";
		};
		EC6CA9392C55949400ED3E14 /* pdfv-appTests */ = {
			isa = PBXGroup;
			children = (
				EC6CA93A2C55949400ED3E14 /* pdfv_appTests.swift */,
			);
			path = "pdfv-appTests";
			sourceTree = "<group>";
		};
		EC6CA9432C55949400ED3E14 /* pdfv-appUITests */ = {
			isa = PBXGroup;
			children = (
				EC6CA9442C55949400ED3E14 /* pdfv_appUITests.swift */,
				EC6CA9462C55949400ED3E14 /* pdfv_appUITestsLaunchTests.swift */,
			);
			path = "pdfv-appUITests";
			sourceTree = "<group>";
		};
		EC9039762C5C43D100CCCD0D /* Resources */ = {
			isa = PBXGroup;
			children = (
				EC9039772C5C440800CCCD0D /* Localizable.xcstrings */,
			);
			path = Resources;
			sourceTree = "<group>";
		};
		EC90397E2C5DC85100CCCD0D /* View Modifiers */ = {
			isa = PBXGroup;
			children = (
				EC90397F2C5DC86900CCCD0D /* BouncyAnimationModifier.swift */,
			);
			path = "View Modifiers";
			sourceTree = "<group>";
		};
		ECBB53182C55989B00E910FE /* AboutMe */ = {
			isa = PBXGroup;
			children = (
				ECBB53192C5598FE00E910FE /* AboutMeScreen.swift */,
				EC90397A2C5DB0F300CCCD0D /* AboutMeView.swift */,
				EC90397C2C5DB1DF00CCCD0D /* EducationView.swift */,
			);
			path = AboutMe;
			sourceTree = "<group>";
		};
/* End PBXGroup section */

/* Begin PBXNativeTarget section */
		EC6CA9242C55949300ED3E14 /* pdfv-app */ = {
			isa = PBXNativeTarget;
			buildConfigurationList = EC6CA94A2C55949400ED3E14 /* Build configuration list for PBXNativeTarget "pdfv-app" */;
			buildPhases = (
				EC6CA9212C55949300ED3E14 /* Sources */,
				EC6CA9222C55949300ED3E14 /* Frameworks */,
				EC6CA9232C55949300ED3E14 /* Resources */,
			);
			buildRules = (
			);
			dependencies = (
			);
			name = "pdfv-app";
			productName = "pdfv-app";
			productReference = EC6CA9252C55949300ED3E14 /* pdfv-app.app */;
			productType = "com.apple.product-type.application";
		};
		EC6CA9352C55949400ED3E14 /* pdfv-appTests */ = {
			isa = PBXNativeTarget;
			buildConfigurationList = EC6CA94D2C55949400ED3E14 /* Build configuration list for PBXNativeTarget "pdfv-appTests" */;
			buildPhases = (
				EC6CA9322C55949400ED3E14 /* Sources */,
				EC6CA9332C55949400ED3E14 /* Frameworks */,
				EC6CA9342C55949400ED3E14 /* Resources */,
			);
			buildRules = (
			);
			dependencies = (
				EC6CA9382C55949400ED3E14 /* PBXTargetDependency */,
			);
			name = "pdfv-appTests";
			productName = "pdfv-appTests";
			productReference = EC6CA9362C55949400ED3E14 /* pdfv-appTests.xctest */;
			productType = "com.apple.product-type.bundle.unit-test";
		};
		EC6CA93F2C55949400ED3E14 /* pdfv-appUITests */ = {
			isa = PBXNativeTarget;
			buildConfigurationList = EC6CA9502C55949400ED3E14 /* Build configuration list for PBXNativeTarget "pdfv-appUITests" */;
			buildPhases = (
				EC6CA93C2C55949400ED3E14 /* Sources */,
				EC6CA93D2C55949400ED3E14 /* Frameworks */,
				EC6CA93E2C55949400ED3E14 /* Resources */,
			);
			buildRules = (
			);
			dependencies = (
				EC6CA9422C55949400ED3E14 /* PBXTargetDependency */,
			);
			name = "pdfv-appUITests";
			productName = "pdfv-appUITests";
			productReference = EC6CA9402C55949400ED3E14 /* pdfv-appUITests.xctest */;
			productType = "com.apple.product-type.bundle.ui-testing";
		};
/* End PBXNativeTarget section */

/* Begin PBXProject section */
		EC6CA91D2C55949300ED3E14 /* Project object */ = {
			isa = PBXProject;
			attributes = {
				BuildIndependentTargetsInParallel = 1;
				LastSwiftUpdateCheck = 1540;
				LastUpgradeCheck = 1540;
				TargetAttributes = {
					EC6CA9242C55949300ED3E14 = {
						CreatedOnToolsVersion = 15.4;
					};
					EC6CA9352C55949400ED3E14 = {
						CreatedOnToolsVersion = 15.4;
						TestTargetID = EC6CA9242C55949300ED3E14;
					};
					EC6CA93F2C55949400ED3E14 = {
						CreatedOnToolsVersion = 15.4;
						TestTargetID = EC6CA9242C55949300ED3E14;
					};
				};
			};
			buildConfigurationList = EC6CA9202C55949300ED3E14 /* Build configuration list for PBXProject "pdfv-app" */;
			compatibilityVersion = "Xcode 14.0";
			developmentRegion = en;
			hasScannedForEncodings = 0;
			knownRegions = (
				en,
				Base,
				"pt-BR",
			);
			mainGroup = EC6CA91C2C55949300ED3E14;
			productRefGroup = EC6CA9262C55949300ED3E14 /* Products */;
			projectDirPath = "";
			projectRoot = "";
			targets = (
				EC6CA9242C55949300ED3E14 /* pdfv-app */,
				EC6CA9352C55949400ED3E14 /* pdfv-appTests */,
				EC6CA93F2C55949400ED3E14 /* pdfv-appUITests */,
			);
		};
/* End PBXProject section */

/* Begin PBXResourcesBuildPhase section */
		EC6CA9232C55949300ED3E14 /* Resources */ = {
			isa = PBXResourcesBuildPhase;
			buildActionMask = 2147483647;
			files = (
				EC6CA9312C55949400ED3E14 /* Preview Assets.xcassets in Resources */,
				EC6CA92D2C55949400ED3E14 /* Assets.xcassets in Resources */,
				EC9039782C5C440800CCCD0D /* Localizable.xcstrings in Resources */,
			);
			runOnlyForDeploymentPostprocessing = 0;
		};
		EC6CA9342C55949400ED3E14 /* Resources */ = {
			isa = PBXResourcesBuildPhase;
			buildActionMask = 2147483647;
			files = (
			);
			runOnlyForDeploymentPostprocessing = 0;
		};
		EC6CA93E2C55949400ED3E14 /* Resources */ = {
			isa = PBXResourcesBuildPhase;
			buildActionMask = 2147483647;
			files = (
			);
			runOnlyForDeploymentPostprocessing = 0;
		};
/* End PBXResourcesBuildPhase section */

/* Begin PBXSourcesBuildPhase section */
		EC6CA9212C55949300ED3E14 /* Sources */ = {
			isa = PBXSourcesBuildPhase;
			buildActionMask = 2147483647;
			files = (
				EC90397D2C5DB1DF00CCCD0D /* EducationView.swift in Sources */,
				EC90397B2C5DB0F300CCCD0D /* AboutMeView.swift in Sources */,
				ECBB531A2C5598FE00E910FE /* AboutMeScreen.swift in Sources */,
				EC6CA92B2C55949300ED3E14 /* MainScreen.swift in Sources */,
				EC9039802C5DC86900CCCD0D /* BouncyAnimationModifier.swift in Sources */,
				EC6CA9292C55949300ED3E14 /* AppEntry.swift in Sources */,
			);
			runOnlyForDeploymentPostprocessing = 0;
		};
		EC6CA9322C55949400ED3E14 /* Sources */ = {
			isa = PBXSourcesBuildPhase;
			buildActionMask = 2147483647;
			files = (
				EC6CA93B2C55949400ED3E14 /* pdfv_appTests.swift in Sources */,
			);
			runOnlyForDeploymentPostprocessing = 0;
		};
		EC6CA93C2C55949400ED3E14 /* Sources */ = {
			isa = PBXSourcesBuildPhase;
			buildActionMask = 2147483647;
			files = (
				EC6CA9472C55949400ED3E14 /* pdfv_appUITestsLaunchTests.swift in Sources */,
				EC6CA9452C55949400ED3E14 /* pdfv_appUITests.swift in Sources */,
			);
			runOnlyForDeploymentPostprocessing = 0;
		};
/* End PBXSourcesBuildPhase section */

/* Begin PBXTargetDependency section */
		EC6CA9382C55949400ED3E14 /* PBXTargetDependency */ = {
			isa = PBXTargetDependency;
			target = EC6CA9242C55949300ED3E14 /* pdfv-app */;
			targetProxy = EC6CA9372C55949400ED3E14 /* PBXContainerItemProxy */;
		};
		EC6CA9422C55949400ED3E14 /* PBXTargetDependency */ = {
			isa = PBXTargetDependency;
			target = EC6CA9242C55949300ED3E14 /* pdfv-app */;
			targetProxy = EC6CA9412C55949400ED3E14 /* PBXContainerItemProxy */;
		};
/* End PBXTargetDependency section */

/* Begin XCBuildConfiguration section */
		EC6CA9482C55949400ED3E14 /* Debug */ = {
			isa = XCBuildConfiguration;
			buildSettings = {
				ALWAYS_SEARCH_USER_PATHS = NO;
				ASSETCATALOG_COMPILER_GENERATE_SWIFT_ASSET_SYMBOL_EXTENSIONS = YES;
				CLANG_ANALYZER_NONNULL = YES;
				CLANG_ANALYZER_NUMBER_OBJECT_CONVERSION = YES_AGGRESSIVE;
				CLANG_CXX_LANGUAGE_STANDARD = "gnu++20";
				CLANG_ENABLE_MODULES = YES;
				CLANG_ENABLE_OBJC_ARC = YES;
				CLANG_ENABLE_OBJC_WEAK = YES;
				CLANG_WARN_BLOCK_CAPTURE_AUTORELEASING = YES;
				CLANG_WARN_BOOL_CONVERSION = YES;
				CLANG_WARN_COMMA = YES;
				CLANG_WARN_CONSTANT_CONVERSION = YES;
				CLANG_WARN_DEPRECATED_OBJC_IMPLEMENTATIONS = YES;
				CLANG_WARN_DIRECT_OBJC_ISA_USAGE = YES_ERROR;
				CLANG_WARN_DOCUMENTATION_COMMENTS = YES;
				CLANG_WARN_EMPTY_BODY = YES;
				CLANG_WARN_ENUM_CONVERSION = YES;
				CLANG_WARN_INFINITE_RECURSION = YES;
				CLANG_WARN_INT_CONVERSION = YES;
				CLANG_WARN_NON_LITERAL_NULL_CONVERSION = YES;
				CLANG_WARN_OBJC_IMPLICIT_RETAIN_SELF = YES;
				CLANG_WARN_OBJC_LITERAL_CONVERSION = YES;
				CLANG_WARN_OBJC_ROOT_CLASS = YES_ERROR;
				CLANG_WARN_QUOTED_INCLUDE_IN_FRAMEWORK_HEADER = YES;
				CLANG_WARN_RANGE_LOOP_ANALYSIS = YES;
				CLANG_WARN_STRICT_PROTOTYPES = YES;
				CLANG_WARN_SUSPICIOUS_MOVE = YES;
				CLANG_WARN_UNGUARDED_AVAILABILITY = YES_AGGRESSIVE;
				CLANG_WARN_UNREACHABLE_CODE = YES;
				CLANG_WARN__DUPLICATE_METHOD_MATCH = YES;
				COPY_PHASE_STRIP = NO;
				DEBUG_INFORMATION_FORMAT = dwarf;
				ENABLE_STRICT_OBJC_MSGSEND = YES;
				ENABLE_TESTABILITY = YES;
				ENABLE_USER_SCRIPT_SANDBOXING = YES;
				GCC_C_LANGUAGE_STANDARD = gnu17;
				GCC_DYNAMIC_NO_PIC = NO;
				GCC_NO_COMMON_BLOCKS = YES;
				GCC_OPTIMIZATION_LEVEL = 0;
				GCC_PREPROCESSOR_DEFINITIONS = (
					"DEBUG=1",
					"$(inherited)",
				);
				GCC_WARN_64_TO_32_BIT_CONVERSION = YES;
				GCC_WARN_ABOUT_RETURN_TYPE = YES_ERROR;
				GCC_WARN_UNDECLARED_SELECTOR = YES;
				GCC_WARN_UNINITIALIZED_AUTOS = YES_AGGRESSIVE;
				GCC_WARN_UNUSED_FUNCTION = YES;
				GCC_WARN_UNUSED_VARIABLE = YES;
				LOCALIZATION_PREFERS_STRING_CATALOGS = YES;
				MTL_ENABLE_DEBUG_INFO = INCLUDE_SOURCE;
				MTL_FAST_MATH = YES;
				ONLY_ACTIVE_ARCH = YES;
				SWIFT_ACTIVE_COMPILATION_CONDITIONS = "DEBUG $(inherited)";
				SWIFT_OPTIMIZATION_LEVEL = "-Onone";
			};
			name = Debug;
		};
		EC6CA9492C55949400ED3E14 /* Release */ = {
			isa = XCBuildConfiguration;
			buildSettings = {
				ALWAYS_SEARCH_USER_PATHS = NO;
				ASSETCATALOG_COMPILER_GENERATE_SWIFT_ASSET_SYMBOL_EXTENSIONS = YES;
				CLANG_ANALYZER_NONNULL = YES;
				CLANG_ANALYZER_NUMBER_OBJECT_CONVERSION = YES_AGGRESSIVE;
				CLANG_CXX_LANGUAGE_STANDARD = "gnu++20";
				CLANG_ENABLE_MODULES = YES;
				CLANG_ENABLE_OBJC_ARC = YES;
				CLANG_ENABLE_OBJC_WEAK = YES;
				CLANG_WARN_BLOCK_CAPTURE_AUTORELEASING = YES;
				CLANG_WARN_BOOL_CONVERSION = YES;
				CLANG_WARN_COMMA = YES;
				CLANG_WARN_CONSTANT_CONVERSION = YES;
				CLANG_WARN_DEPRECATED_OBJC_IMPLEMENTATIONS = YES;
				CLANG_WARN_DIRECT_OBJC_ISA_USAGE = YES_ERROR;
				CLANG_WARN_DOCUMENTATION_COMMENTS = YES;
				CLANG_WARN_EMPTY_BODY = YES;
				CLANG_WARN_ENUM_CONVERSION = YES;
				CLANG_WARN_INFINITE_RECURSION = YES;
				CLANG_WARN_INT_CONVERSION = YES;
				CLANG_WARN_NON_LITERAL_NULL_CONVERSION = YES;
				CLANG_WARN_OBJC_IMPLICIT_RETAIN_SELF = YES;
				CLANG_WARN_OBJC_LITERAL_CONVERSION = YES;
				CLANG_WARN_OBJC_ROOT_CLASS = YES_ERROR;
				CLANG_WARN_QUOTED_INCLUDE_IN_FRAMEWORK_HEADER = YES;
				CLANG_WARN_RANGE_LOOP_ANALYSIS = YES;
				CLANG_WARN_STRICT_PROTOTYPES = YES;
				CLANG_WARN_SUSPICIOUS_MOVE = YES;
				CLANG_WARN_UNGUARDED_AVAILABILITY = YES_AGGRESSIVE;
				CLANG_WARN_UNREACHABLE_CODE = YES;
				CLANG_WARN__DUPLICATE_METHOD_MATCH = YES;
				COPY_PHASE_STRIP = NO;
				DEBUG_INFORMATION_FORMAT = "dwarf-with-dsym";
				ENABLE_NS_ASSERTIONS = NO;
				ENABLE_STRICT_OBJC_MSGSEND = YES;
				ENABLE_USER_SCRIPT_SANDBOXING = YES;
				GCC_C_LANGUAGE_STANDARD = gnu17;
				GCC_NO_COMMON_BLOCKS = YES;
				GCC_WARN_64_TO_32_BIT_CONVERSION = YES;
				GCC_WARN_ABOUT_RETURN_TYPE = YES_ERROR;
				GCC_WARN_UNDECLARED_SELECTOR = YES;
				GCC_WARN_UNINITIALIZED_AUTOS = YES_AGGRESSIVE;
				GCC_WARN_UNUSED_FUNCTION = YES;
				GCC_WARN_UNUSED_VARIABLE = YES;
				LOCALIZATION_PREFERS_STRING_CATALOGS = YES;
				MTL_ENABLE_DEBUG_INFO = NO;
				MTL_FAST_MATH = YES;
				SWIFT_COMPILATION_MODE = wholemodule;
			};
			name = Release;
		};
		EC6CA94B2C55949400ED3E14 /* Debug */ = {
			isa = XCBuildConfiguration;
			buildSettings = {
				ASSETCATALOG_COMPILER_APPICON_NAME = AppIcon;
				ASSETCATALOG_COMPILER_GLOBAL_ACCENT_COLOR_NAME = AccentColor;
				CODE_SIGN_ENTITLEMENTS = "pdfv-app/pdfv_app.entitlements";
				CODE_SIGN_STYLE = Automatic;
				CURRENT_PROJECT_VERSION = 1;
				DEVELOPMENT_ASSET_PATHS = "\"pdfv-app/Preview Content\"";
				ENABLE_PREVIEWS = YES;
				GENERATE_INFOPLIST_FILE = YES;
				"INFOPLIST_KEY_UIApplicationSceneManifest_Generation[sdk=iphoneos*]" = YES;
				"INFOPLIST_KEY_UIApplicationSceneManifest_Generation[sdk=iphonesimulator*]" = YES;
				"INFOPLIST_KEY_UIApplicationSupportsIndirectInputEvents[sdk=iphoneos*]" = YES;
				"INFOPLIST_KEY_UIApplicationSupportsIndirectInputEvents[sdk=iphonesimulator*]" = YES;
				"INFOPLIST_KEY_UILaunchScreen_Generation[sdk=iphoneos*]" = YES;
				"INFOPLIST_KEY_UILaunchScreen_Generation[sdk=iphonesimulator*]" = YES;
				"INFOPLIST_KEY_UIStatusBarStyle[sdk=iphoneos*]" = UIStatusBarStyleDefault;
				"INFOPLIST_KEY_UIStatusBarStyle[sdk=iphonesimulator*]" = UIStatusBarStyleDefault;
				INFOPLIST_KEY_UISupportedInterfaceOrientations_iPad = "UIInterfaceOrientationPortrait UIInterfaceOrientationPortraitUpsideDown UIInterfaceOrientationLandscapeLeft UIInterfaceOrientationLandscapeRight";
				INFOPLIST_KEY_UISupportedInterfaceOrientations_iPhone = "UIInterfaceOrientationPortrait UIInterfaceOrientationLandscapeLeft UIInterfaceOrientationLandscapeRight";
				IPHONEOS_DEPLOYMENT_TARGET = 17.5;
				LD_RUNPATH_SEARCH_PATHS = "@executable_path/Frameworks";
				"LD_RUNPATH_SEARCH_PATHS[sdk=macosx*]" = "@executable_path/../Frameworks";
				MACOSX_DEPLOYMENT_TARGET = 14.5;
				MARKETING_VERSION = 1.0;
				PRODUCT_BUNDLE_IDENTIFIER = "com.pedrofveloso.pdfv-app";
				PRODUCT_NAME = "$(TARGET_NAME)";
				SDKROOT = auto;
				SUPPORTED_PLATFORMS = "iphoneos iphonesimulator macosx";
				SWIFT_EMIT_LOC_STRINGS = YES;
				SWIFT_VERSION = 5.0;
				TARGETED_DEVICE_FAMILY = "1,2";
			};
			name = Debug;
		};
		EC6CA94C2C55949400ED3E14 /* Release */ = {
			isa = XCBuildConfiguration;
			buildSettings = {
				ASSETCATALOG_COMPILER_APPICON_NAME = AppIcon;
				ASSETCATALOG_COMPILER_GLOBAL_ACCENT_COLOR_NAME = AccentColor;
				CODE_SIGN_ENTITLEMENTS = "pdfv-app/pdfv_app.entitlements";
				CODE_SIGN_STYLE = Automatic;
				CURRENT_PROJECT_VERSION = 1;
				DEVELOPMENT_ASSET_PATHS = "\"pdfv-app/Preview Content\"";
				ENABLE_PREVIEWS = YES;
				GENERATE_INFOPLIST_FILE = YES;
				"INFOPLIST_KEY_UIApplicationSceneManifest_Generation[sdk=iphoneos*]" = YES;
				"INFOPLIST_KEY_UIApplicationSceneManifest_Generation[sdk=iphonesimulator*]" = YES;
				"INFOPLIST_KEY_UIApplicationSupportsIndirectInputEvents[sdk=iphoneos*]" = YES;
				"INFOPLIST_KEY_UIApplicationSupportsIndirectInputEvents[sdk=iphonesimulator*]" = YES;
				"INFOPLIST_KEY_UILaunchScreen_Generation[sdk=iphoneos*]" = YES;
				"INFOPLIST_KEY_UILaunchScreen_Generation[sdk=iphonesimulator*]" = YES;
				"INFOPLIST_KEY_UIStatusBarStyle[sdk=iphoneos*]" = UIStatusBarStyleDefault;
				"INFOPLIST_KEY_UIStatusBarStyle[sdk=iphonesimulator*]" = UIStatusBarStyleDefault;
				INFOPLIST_KEY_UISupportedInterfaceOrientations_iPad = "UIInterfaceOrientationPortrait UIInterfaceOrientationPortraitUpsideDown UIInterfaceOrientationLandscapeLeft UIInterfaceOrientationLandscapeRight";
				INFOPLIST_KEY_UISupportedInterfaceOrientations_iPhone = "UIInterfaceOrientationPortrait UIInterfaceOrientationLandscapeLeft UIInterfaceOrientationLandscapeRight";
				IPHONEOS_DEPLOYMENT_TARGET = 17.5;
				LD_RUNPATH_SEARCH_PATHS = "@executable_path/Frameworks";
				"LD_RUNPATH_SEARCH_PATHS[sdk=macosx*]" = "@executable_path/../Frameworks";
				MACOSX_DEPLOYMENT_TARGET = 14.5;
				MARKETING_VERSION = 1.0;
				PRODUCT_BUNDLE_IDENTIFIER = "com.pedrofveloso.pdfv-app";
				PRODUCT_NAME = "$(TARGET_NAME)";
				SDKROOT = auto;
				SUPPORTED_PLATFORMS = "iphoneos iphonesimulator macosx";
				SWIFT_EMIT_LOC_STRINGS = YES;
				SWIFT_VERSION = 5.0;
				TARGETED_DEVICE_FAMILY = "1,2";
			};
			name = Release;
		};
		EC6CA94E2C55949400ED3E14 /* Debug */ = {
			isa = XCBuildConfiguration;
			buildSettings = {
				ALWAYS_EMBED_SWIFT_STANDARD_LIBRARIES = YES;
				BUNDLE_LOADER = "$(TEST_HOST)";
				CODE_SIGN_STYLE = Automatic;
				CURRENT_PROJECT_VERSION = 1;
				GENERATE_INFOPLIST_FILE = YES;
				IPHONEOS_DEPLOYMENT_TARGET = 17.5;
				MACOSX_DEPLOYMENT_TARGET = 14.5;
				MARKETING_VERSION = 1.0;
				PRODUCT_BUNDLE_IDENTIFIER = "com.pedrofveloso.pdfv-appTests";
				PRODUCT_NAME = "$(TARGET_NAME)";
				SDKROOT = auto;
				SUPPORTED_PLATFORMS = "iphoneos iphonesimulator macosx";
				SWIFT_EMIT_LOC_STRINGS = NO;
				SWIFT_VERSION = 5.0;
				TARGETED_DEVICE_FAMILY = "1,2";
				TEST_HOST = "$(BUILT_PRODUCTS_DIR)/pdfv-app.app/$(BUNDLE_EXECUTABLE_FOLDER_PATH)/pdfv-app";
			};
			name = Debug;
		};
		EC6CA94F2C55949400ED3E14 /* Release */ = {
			isa = XCBuildConfiguration;
			buildSettings = {
				ALWAYS_EMBED_SWIFT_STANDARD_LIBRARIES = YES;
				BUNDLE_LOADER = "$(TEST_HOST)";
				CODE_SIGN_STYLE = Automatic;
				CURRENT_PROJECT_VERSION = 1;
				GENERATE_INFOPLIST_FILE = YES;
				IPHONEOS_DEPLOYMENT_TARGET = 17.5;
				MACOSX_DEPLOYMENT_TARGET = 14.5;
				MARKETING_VERSION = 1.0;
				PRODUCT_BUNDLE_IDENTIFIER = "com.pedrofveloso.pdfv-appTests";
				PRODUCT_NAME = "$(TARGET_NAME)";
				SDKROOT = auto;
				SUPPORTED_PLATFORMS = "iphoneos iphonesimulator macosx";
				SWIFT_EMIT_LOC_STRINGS = NO;
				SWIFT_VERSION = 5.0;
				TARGETED_DEVICE_FAMILY = "1,2";
				TEST_HOST = "$(BUILT_PRODUCTS_DIR)/pdfv-app.app/$(BUNDLE_EXECUTABLE_FOLDER_PATH)/pdfv-app";
			};
			name = Release;
		};
		EC6CA9512C55949400ED3E14 /* Debug */ = {
			isa = XCBuildConfiguration;
			buildSettings = {
				ALWAYS_EMBED_SWIFT_STANDARD_LIBRARIES = YES;
				CODE_SIGN_STYLE = Automatic;
				CURRENT_PROJECT_VERSION = 1;
				GENERATE_INFOPLIST_FILE = YES;
				IPHONEOS_DEPLOYMENT_TARGET = 17.5;
				MACOSX_DEPLOYMENT_TARGET = 14.5;
				MARKETING_VERSION = 1.0;
				PRODUCT_BUNDLE_IDENTIFIER = "com.pedrofveloso.pdfv-appUITests";
				PRODUCT_NAME = "$(TARGET_NAME)";
				SDKROOT = auto;
				SUPPORTED_PLATFORMS = "iphoneos iphonesimulator macosx";
				SWIFT_EMIT_LOC_STRINGS = NO;
				SWIFT_VERSION = 5.0;
				TARGETED_DEVICE_FAMILY = "1,2";
				TEST_TARGET_NAME = "pdfv-app";
			};
			name = Debug;
		};
		EC6CA9522C55949400ED3E14 /* Release */ = {
			isa = XCBuildConfiguration;
			buildSettings = {
				ALWAYS_EMBED_SWIFT_STANDARD_LIBRARIES = YES;
				CODE_SIGN_STYLE = Automatic;
				CURRENT_PROJECT_VERSION = 1;
				GENERATE_INFOPLIST_FILE = YES;
				IPHONEOS_DEPLOYMENT_TARGET = 17.5;
				MACOSX_DEPLOYMENT_TARGET = 14.5;
				MARKETING_VERSION = 1.0;
				PRODUCT_BUNDLE_IDENTIFIER = "com.pedrofveloso.pdfv-appUITests";
				PRODUCT_NAME = "$(TARGET_NAME)";
				SDKROOT = auto;
				SUPPORTED_PLATFORMS = "iphoneos iphonesimulator macosx";
				SWIFT_EMIT_LOC_STRINGS = NO;
				SWIFT_VERSION = 5.0;
				TARGETED_DEVICE_FAMILY = "1,2";
				TEST_TARGET_NAME = "pdfv-app";
			};
			name = Release;
		};
/* End XCBuildConfiguration section */

/* Begin XCConfigurationList section */
		EC6CA9202C55949300ED3E14 /* Build configuration list for PBXProject "pdfv-app" */ = {
			isa = XCConfigurationList;
			buildConfigurations = (
				EC6CA9482C55949400ED3E14 /* Debug */,
				EC6CA9492C55949400ED3E14 /* Release */,
			);
			defaultConfigurationIsVisible = 0;
			defaultConfigurationName = Release;
		};
		EC6CA94A2C55949400ED3E14 /* Build configuration list for PBXNativeTarget "pdfv-app" */ = {
			isa = XCConfigurationList;
			buildConfigurations = (
				EC6CA94B2C55949400ED3E14 /* Debug */,
				EC6CA94C2C55949400ED3E14 /* Release */,
			);
			defaultConfigurationIsVisible = 0;
			defaultConfigurationName = Release;
		};
		EC6CA94D2C55949400ED3E14 /* Build configuration list for PBXNativeTarget "pdfv-appTests" */ = {
			isa = XCConfigurationList;
			buildConfigurations = (
				EC6CA94E2C55949400ED3E14 /* Debug */,
				EC6CA94F2C55949400ED3E14 /* Release */,
			);
			defaultConfigurationIsVisible = 0;
			defaultConfigurationName = Release;
		};
		EC6CA9502C55949400ED3E14 /* Build configuration list for PBXNativeTarget "pdfv-appUITests" */ = {
			isa = XCConfigurationList;
			buildConfigurations = (
				EC6CA9512C55949400ED3E14 /* Debug */,
				EC6CA9522C55949400ED3E14 /* Release */,
			);
			defaultConfigurationIsVisible = 0;
			defaultConfigurationName = Release;
		};
/* End XCConfigurationList section */
	};
	rootObject = EC6CA91D2C55949300ED3E14 /* Project object */;
}
